
Microsoft Visual Studio Solution File, Format Version 12.00
# Visual Studio 15
VisualStudioVersion = 15.0.26124.0
MinimumVisualStudioVersion = 15.0.26124.0
Project("{FAE04EC0-301F-11D3-BF4B-00C04F79EFBC}") = "Palindrome.Domain", "Palindrome.Domain\Palindrome.Domain.csproj", "{F43B79F7-D562-4FDC-9ED9-C695C22F2D1D}"
EndProject
Project("{FAE04EC0-301F-11D3-BF4B-00C04F79EFBC}") = "Palindrome.Testing", "Palindrome.Testing\Palindrome.Testing.csproj", "{DC5B7625-A39A-483E-9C8B-1A97CC017059}"
EndProject
Global
	GlobalSection(SolutionConfigurationPlatforms) = preSolution
		Debug|Any CPU = Debug|Any CPU
		Debug|x64 = Debug|x64
		Debug|x86 = Debug|x86
		Release|Any CPU = Release|Any CPU
		Release|x64 = Release|x64
		Release|x86 = Release|x86
	EndGlobalSection
	GlobalSection(SolutionProperties) = preSolution
		HideSolutionNode = FALSE
	EndGlobalSection
	GlobalSection(ProjectConfigurationPlatforms) = postSolution
		{F43B79F7-D562-4FDC-9ED9-C695C22F2D1D}.Debug|Any CPU.ActiveCfg = Debug|Any CPU
		{F43B79F7-D562-4FDC-9ED9-C695C22F2D1D}.Debug|Any CPU.Build.0 = Debug|Any CPU
		{F43B79F7-D562-4FDC-9ED9-C695C22F2D1D}.Debug|x64.ActiveCfg = Debug|Any CPU
		{F43B79F7-D562-4FDC-9ED9-C695C22F2D1D}.Debug|x64.Build.0 = Debug|Any CPU
		{F43B79F7-D562-4FDC-9ED9-C695C22F2D1D}.Debug|x86.ActiveCfg = Debug|Any CPU
		{F43B79F7-D562-4FDC-9ED9-C695C22F2D1D}.Debug|x86.Build.0 = Debug|Any CPU
		{F43B79F7-D562-4FDC-9ED9-C695C22F2D1D}.Release|Any CPU.ActiveCfg = Release|Any CPU
		{F43B79F7-D562-4FDC-9ED9-C695C22F2D1D}.Release|Any CPU.Build.0 = Release|Any CPU
		{F43B79F7-D562-4FDC-9ED9-C695C22F2D1D}.Release|x64.ActiveCfg = Release|Any CPU
		{F43B79F7-D562-4FDC-9ED9-C695C22F2D1D}.Release|x64.Build.0 = Release|Any CPU
		{F43B79F7-D562-4FDC-9ED9-C695C22F2D1D}.Release|x86.ActiveCfg = Release|Any CPU
		{F43B79F7-D562-4FDC-9ED9-C695C22F2D1D}.Release|x86.Build.0 = Release|Any CPU
		{DC5B7625-A39A-483E-9C8B-1A97CC017059}.Debug|Any CPU.ActiveCfg = Debug|Any CPU
		{DC5B7625-A39A-483E-9C8B-1A97CC017059}.Debug|Any CPU.Build.0 = Debug|Any CPU
		{DC5B7625-A39A-483E-9C8B-1A97CC017059}.Debug|x64.ActiveCfg = Debug|Any CPU
		{DC5B7625-A39A-483E-9C8B-1A97CC017059}.Debug|x64.Build.0 = Debug|Any CPU
		{DC5B7625-A39A-483E-9C8B-1A97CC017059}.Debug|x86.ActiveCfg = Debug|Any CPU
		{DC5B7625-A39A-483E-9C8B-1A97CC017059}.Debug|x86.Build.0 = Debug|Any CPU
		{DC5B7625-A39A-483E-9C8B-1A97CC017059}.Release|Any CPU.ActiveCfg = Release|Any CPU
		{DC5B7625-A39A-483E-9C8B-1A97CC017059}.Release|Any CPU.Build.0 = Release|Any CPU
		{DC5B7625-A39A-483E-9C8B-1A97CC017059}.Release|x64.ActiveCfg = Release|Any CPU
		{DC5B7625-A39A-483E-9C8B-1A97CC017059}.Release|x64.Build.0 = Release|Any CPU
		{DC5B7625-A39A-483E-9C8B-1A97CC017059}.Release|x86.ActiveCfg = Release|Any CPU
		{DC5B7625-A39A-483E-9C8B-1A97CC017059}.Release|x86.Build.0 = Release|Any CPU
	EndGlobalSection
EndGlobal
